
Microsoft Visual Studio Solution File, Format Version 12.00
# Visual Studio Version 16
VisualStudioVersion = 16.0.31220.234
MinimumVisualStudioVersion = 10.0.40219.1
Project("{D954291E-2A0B-460D-934E-DC6B0785DB48}") = "POS_UNO.Shared", "POS_UNO\POS_UNO.Shared\POS_UNO.Shared.shproj", "{6279C845-92F8-4333-AB99-3D213163593C}"
EndProject
Project("{2150E333-8FDC-42A3-9474-1A3956D46DE8}") = "Platforms", "Platforms", "{50F45594-5FA8-4257-9FA8-7125AF12348F}"
EndProject
Project("{FAE04EC0-301F-11D3-BF4B-00C04F79EFBC}") = "POS_UNO.Droid", "POS_UNO\POS_UNO.Droid\POS_UNO.Droid.csproj", "{C2BA0B97-961A-4F5F-A1EC-791E094C3056}"
EndProject
Project("{FAE04EC0-301F-11D3-BF4B-00C04F79EFBC}") = "POS_UNO.iOS", "POS_UNO\POS_UNO.iOS\POS_UNO.iOS.csproj", "{BE760644-00D2-4BFA-9203-D358EDC85125}"
EndProject
Project("{FAE04EC0-301F-11D3-BF4B-00C04F79EFBC}") = "POS_UNO.UWP", "POS_UNO\POS_UNO.UWP\POS_UNO.UWP.csproj", "{5038F4D7-B610-421F-917E-2F8D248A78BA}"
EndProject
Project("{9A19103F-16F7-4668-BE54-9A1E7A4F7556}") = "POS_UNO.Wasm", "POS_UNO\POS_UNO.Wasm\POS_UNO.Wasm.csproj", "{21A7C811-5165-40D1-A079-9FCBA2A0D8E4}"
EndProject
Project("{FAE04EC0-301F-11D3-BF4B-00C04F79EFBC}") = "POS_UNO.macOS", "POS_UNO\POS_UNO.macOS\POS_UNO.macOS.csproj", "{F258910F-09B3-40C1-BB3A-20057DCA7366}"
EndProject
Project("{9A19103F-16F7-4668-BE54-9A1E7A4F7556}") = "POS_UNO.Skia.Wpf.Host", "POS_UNO\POS_UNO.Skia.Wpf.Host\POS_UNO.Skia.Wpf.Host.csproj", "{461F7336-273D-451D-A8EF-DD1CD9AB5D57}"
EndProject
Project("{9A19103F-16F7-4668-BE54-9A1E7A4F7556}") = "POS_UNO.Skia.Wpf", "POS_UNO\POS_UNO.Skia.Wpf\POS_UNO.Skia.Wpf.csproj", "{6E437BF5-D93A-42F2-860E-FFFF5321E014}"
EndProject
Project("{9A19103F-16F7-4668-BE54-9A1E7A4F7556}") = "POS_UNO.Skia.Gtk", "POS_UNO\POS_UNO.Skia.Gtk\POS_UNO.Skia.Gtk.csproj", "{5A1B2D76-E5AF-4D0C-BB41-D9598B5CCB0C}"
EndProject
Project("{9A19103F-16F7-4668-BE54-9A1E7A4F7556}") = "POS_UNO.Skia.Tizen", "POS_UNO\POS_UNO.Skia.Tizen\POS_UNO.Skia.Tizen.csproj", "{3E0138E9-4002-4F6A-B930-D6758EC9B3ED}"
EndProject
Project("{FAE04EC0-301F-11D3-BF4B-00C04F79EFBC}") = "POS_UNO.Api", "POS_UNO.Api\POS_UNO.Api.csproj", "{BE7663A6-5B85-4D50-B0D1-14324D29B412}"
EndProject
Global
	GlobalSection(SharedMSBuildProjectFiles) = preSolution
		POS_UNO\POS_UNO.Shared\POS_UNO.Shared.projitems*{21a7c811-5165-40d1-a079-9fcba2a0d8e4}*SharedItemsImports = 5
		POS_UNO\POS_UNO.Shared\POS_UNO.Shared.projitems*{3e0138e9-4002-4f6a-b930-d6758ec9b3ed}*SharedItemsImports = 5
		POS_UNO\POS_UNO.Shared\POS_UNO.Shared.projitems*{5038f4d7-b610-421f-917e-2f8d248a78ba}*SharedItemsImports = 4
		POS_UNO\POS_UNO.Shared\POS_UNO.Shared.projitems*{5a1b2d76-e5af-4d0c-bb41-d9598b5ccb0c}*SharedItemsImports = 5
		POS_UNO\POS_UNO.Shared\POS_UNO.Shared.projitems*{6279c845-92f8-4333-ab99-3d213163593c}*SharedItemsImports = 13
		POS_UNO\POS_UNO.Shared\POS_UNO.Shared.projitems*{6e437bf5-d93a-42f2-860e-ffff5321e014}*SharedItemsImports = 5
		POS_UNO\POS_UNO.Shared\POS_UNO.Shared.projitems*{be760644-00d2-4bfa-9203-d358edc85125}*SharedItemsImports = 4
		POS_UNO\POS_UNO.Shared\POS_UNO.Shared.projitems*{c2ba0b97-961a-4f5f-a1ec-791e094c3056}*SharedItemsImports = 4
		POS_UNO\POS_UNO.Shared\POS_UNO.Shared.projitems*{f258910f-09b3-40c1-bb3a-20057dca7366}*SharedItemsImports = 4
	EndGlobalSection
	GlobalSection(SolutionConfigurationPlatforms) = preSolution
		Ad-Hoc|Any CPU = Ad-Hoc|Any CPU
		Ad-Hoc|ARM = Ad-Hoc|ARM
		Ad-Hoc|ARM64 = Ad-Hoc|ARM64
		Ad-Hoc|iPhone = Ad-Hoc|iPhone
		Ad-Hoc|iPhoneSimulator = Ad-Hoc|iPhoneSimulator
		Ad-Hoc|x64 = Ad-Hoc|x64
		Ad-Hoc|x86 = Ad-Hoc|x86
		AppStore|Any CPU = AppStore|Any CPU
		AppStore|ARM = AppStore|ARM
		AppStore|ARM64 = AppStore|ARM64
		AppStore|iPhone = AppStore|iPhone
		AppStore|iPhoneSimulator = AppStore|iPhoneSimulator
		AppStore|x64 = AppStore|x64
		AppStore|x86 = AppStore|x86
		Debug|Any CPU = Debug|Any CPU
		Debug|ARM = Debug|ARM
		Debug|ARM64 = Debug|ARM64
		Debug|iPhone = Debug|iPhone
		Debug|iPhoneSimulator = Debug|iPhoneSimulator
		Debug|x64 = Debug|x64
		Debug|x86 = Debug|x86
		Release|Any CPU = Release|Any CPU
		Release|ARM = Release|ARM
		Release|ARM64 = Release|ARM64
		Release|iPhone = Release|iPhone
		Release|iPhoneSimulator = Release|iPhoneSimulator
		Release|x64 = Release|x64
		Release|x86 = Release|x86
	EndGlobalSection
	GlobalSection(ProjectConfigurationPlatforms) = postSolution
		{C2BA0B97-961A-4F5F-A1EC-791E094C3056}.Ad-Hoc|Any CPU.ActiveCfg = Debug|Any CPU
		{C2BA0B97-961A-4F5F-A1EC-791E094C3056}.Ad-Hoc|Any CPU.Build.0 = Debug|Any CPU
		{C2BA0B97-961A-4F5F-A1EC-791E094C3056}.Ad-Hoc|Any CPU.Deploy.0 = Debug|Any CPU
		{C2BA0B97-961A-4F5F-A1EC-791E094C3056}.Ad-Hoc|ARM.ActiveCfg = Debug|Any CPU
		{C2BA0B97-961A-4F5F-A1EC-791E094C3056}.Ad-Hoc|ARM.Build.0 = Debug|Any CPU
		{C2BA0B97-961A-4F5F-A1EC-791E094C3056}.Ad-Hoc|ARM.Deploy.0 = Debug|Any CPU
		{C2BA0B97-961A-4F5F-A1EC-791E094C3056}.Ad-Hoc|ARM64.ActiveCfg = Debug|Any CPU
		{C2BA0B97-961A-4F5F-A1EC-791E094C3056}.Ad-Hoc|ARM64.Build.0 = Debug|Any CPU
		{C2BA0B97-961A-4F5F-A1EC-791E094C3056}.Ad-Hoc|ARM64.Deploy.0 = Debug|Any CPU
		{C2BA0B97-961A-4F5F-A1EC-791E094C3056}.Ad-Hoc|iPhone.ActiveCfg = Debug|Any CPU
		{C2BA0B97-961A-4F5F-A1EC-791E094C3056}.Ad-Hoc|iPhone.Build.0 = Debug|Any CPU
		{C2BA0B97-961A-4F5F-A1EC-791E094C3056}.Ad-Hoc|iPhone.Deploy.0 = Debug|Any CPU
		{C2BA0B97-961A-4F5F-A1EC-791E094C3056}.Ad-Hoc|iPhoneSimulator.ActiveCfg = Debug|Any CPU
		{C2BA0B97-961A-4F5F-A1EC-791E094C3056}.Ad-Hoc|iPhoneSimulator.Build.0 = Debug|Any CPU
		{C2BA0B97-961A-4F5F-A1EC-791E094C3056}.Ad-Hoc|iPhoneSimulator.Deploy.0 = Debug|Any CPU
		{C2BA0B97-961A-4F5F-A1EC-791E094C3056}.Ad-Hoc|x64.ActiveCfg = Debug|Any CPU
		{C2BA0B97-961A-4F5F-A1EC-791E094C3056}.Ad-Hoc|x64.Build.0 = Debug|Any CPU
		{C2BA0B97-961A-4F5F-A1EC-791E094C3056}.Ad-Hoc|x64.Deploy.0 = Debug|Any CPU
		{C2BA0B97-961A-4F5F-A1EC-791E094C3056}.Ad-Hoc|x86.ActiveCfg = Debug|Any CPU
		{C2BA0B97-961A-4F5F-A1EC-791E094C3056}.Ad-Hoc|x86.Build.0 = Debug|Any CPU
		{C2BA0B97-961A-4F5F-A1EC-791E094C3056}.Ad-Hoc|x86.Deploy.0 = Debug|Any CPU
		{C2BA0B97-961A-4F5F-A1EC-791E094C3056}.AppStore|Any CPU.ActiveCfg = Debug|Any CPU
		{C2BA0B97-961A-4F5F-A1EC-791E094C3056}.AppStore|Any CPU.Build.0 = Debug|Any CPU
		{C2BA0B97-961A-4F5F-A1EC-791E094C3056}.AppStore|Any CPU.Deploy.0 = Debug|Any CPU
		{C2BA0B97-961A-4F5F-A1EC-791E094C3056}.AppStore|ARM.ActiveCfg = Debug|Any CPU
		{C2BA0B97-961A-4F5F-A1EC-791E094C3056}.AppStore|ARM.Build.0 = Debug|Any CPU
		{C2BA0B97-961A-4F5F-A1EC-791E094C3056}.AppStore|ARM.Deploy.0 = Debug|Any CPU
		{C2BA0B97-961A-4F5F-A1EC-791E094C3056}.AppStore|ARM64.ActiveCfg = Debug|Any CPU
		{C2BA0B97-961A-4F5F-A1EC-791E094C3056}.AppStore|ARM64.Build.0 = Debug|Any CPU
		{C2BA0B97-961A-4F5F-A1EC-791E094C3056}.AppStore|ARM64.Deploy.0 = Debug|Any CPU
		{C2BA0B97-961A-4F5F-A1EC-791E094C3056}.AppStore|iPhone.ActiveCfg = Debug|Any CPU
		{C2BA0B97-961A-4F5F-A1EC-791E094C3056}.AppStore|iPhone.Build.0 = Debug|Any CPU
		{C2BA0B97-961A-4F5F-A1EC-791E094C3056}.AppStore|iPhone.Deploy.0 = Debug|Any CPU
		{C2BA0B97-961A-4F5F-A1EC-791E094C3056}.AppStore|iPhoneSimulator.ActiveCfg = Debug|Any CPU
		{C2BA0B97-961A-4F5F-A1EC-791E094C3056}.AppStore|iPhoneSimulator.Build.0 = Debug|Any CPU
		{C2BA0B97-961A-4F5F-A1EC-791E094C3056}.AppStore|iPhoneSimulator.Deploy.0 = Debug|Any CPU
		{C2BA0B97-961A-4F5F-A1EC-791E094C3056}.AppStore|x64.ActiveCfg = Debug|Any CPU
		{C2BA0B97-961A-4F5F-A1EC-791E094C3056}.AppStore|x64.Build.0 = Debug|Any CPU
		{C2BA0B97-961A-4F5F-A1EC-791E094C3056}.AppStore|x64.Deploy.0 = Debug|Any CPU
		{C2BA0B97-961A-4F5F-A1EC-791E094C3056}.AppStore|x86.ActiveCfg = Debug|Any CPU
		{C2BA0B97-961A-4F5F-A1EC-791E094C3056}.AppStore|x86.Build.0 = Debug|Any CPU
		{C2BA0B97-961A-4F5F-A1EC-791E094C3056}.AppStore|x86.Deploy.0 = Debug|Any CPU
		{C2BA0B97-961A-4F5F-A1EC-791E094C3056}.Debug|Any CPU.ActiveCfg = Debug|Any CPU
		{C2BA0B97-961A-4F5F-A1EC-791E094C3056}.Debug|Any CPU.Build.0 = Debug|Any CPU
		{C2BA0B97-961A-4F5F-A1EC-791E094C3056}.Debug|Any CPU.Deploy.0 = Debug|Any CPU
		{C2BA0B97-961A-4F5F-A1EC-791E094C3056}.Debug|ARM.ActiveCfg = Debug|Any CPU
		{C2BA0B97-961A-4F5F-A1EC-791E094C3056}.Debug|ARM.Build.0 = Debug|Any CPU
		{C2BA0B97-961A-4F5F-A1EC-791E094C3056}.Debug|ARM.Deploy.0 = Debug|Any CPU
		{C2BA0B97-961A-4F5F-A1EC-791E094C3056}.Debug|ARM64.ActiveCfg = Debug|Any CPU
		{C2BA0B97-961A-4F5F-A1EC-791E094C3056}.Debug|ARM64.Build.0 = Debug|Any CPU
		{C2BA0B97-961A-4F5F-A1EC-791E094C3056}.Debug|ARM64.Deploy.0 = Debug|Any CPU
		{C2BA0B97-961A-4F5F-A1EC-791E094C3056}.Debug|iPhone.ActiveCfg = Debug|Any CPU
		{C2BA0B97-961A-4F5F-A1EC-791E094C3056}.Debug|iPhone.Build.0 = Debug|Any CPU
		{C2BA0B97-961A-4F5F-A1EC-791E094C3056}.Debug|iPhone.Deploy.0 = Debug|Any CPU
		{C2BA0B97-961A-4F5F-A1EC-791E094C3056}.Debug|iPhoneSimulator.ActiveCfg = Debug|Any CPU
		{C2BA0B97-961A-4F5F-A1EC-791E094C3056}.Debug|iPhoneSimulator.Build.0 = Debug|Any CPU
		{C2BA0B97-961A-4F5F-A1EC-791E094C3056}.Debug|iPhoneSimulator.Deploy.0 = Debug|Any CPU
		{C2BA0B97-961A-4F5F-A1EC-791E094C3056}.Debug|x64.ActiveCfg = Debug|Any CPU
		{C2BA0B97-961A-4F5F-A1EC-791E094C3056}.Debug|x64.Build.0 = Debug|Any CPU
		{C2BA0B97-961A-4F5F-A1EC-791E094C3056}.Debug|x64.Deploy.0 = Debug|Any CPU
		{C2BA0B97-961A-4F5F-A1EC-791E094C3056}.Debug|x86.ActiveCfg = Debug|Any CPU
		{C2BA0B97-961A-4F5F-A1EC-791E094C3056}.Debug|x86.Build.0 = Debug|Any CPU
		{C2BA0B97-961A-4F5F-A1EC-791E094C3056}.Debug|x86.Deploy.0 = Debug|Any CPU
		{C2BA0B97-961A-4F5F-A1EC-791E094C3056}.Release|Any CPU.ActiveCfg = Release|Any CPU
		{C2BA0B97-961A-4F5F-A1EC-791E094C3056}.Release|Any CPU.Build.0 = Release|Any CPU
		{C2BA0B97-961A-4F5F-A1EC-791E094C3056}.Release|Any CPU.Deploy.0 = Release|Any CPU
		{C2BA0B97-961A-4F5F-A1EC-791E094C3056}.Release|ARM.ActiveCfg = Release|Any CPU
		{C2BA0B97-961A-4F5F-A1EC-791E094C3056}.Release|ARM.Build.0 = Release|Any CPU
		{C2BA0B97-961A-4F5F-A1EC-791E094C3056}.Release|ARM.Deploy.0 = Release|Any CPU
		{C2BA0B97-961A-4F5F-A1EC-791E094C3056}.Release|ARM64.ActiveCfg = Release|Any CPU
		{C2BA0B97-961A-4F5F-A1EC-791E094C3056}.Release|ARM64.Build.0 = Release|Any CPU
		{C2BA0B97-961A-4F5F-A1EC-791E094C3056}.Release|ARM64.Deploy.0 = Release|Any CPU
		{C2BA0B97-961A-4F5F-A1EC-791E094C3056}.Release|iPhone.ActiveCfg = Release|Any CPU
		{C2BA0B97-961A-4F5F-A1EC-791E094C3056}.Release|iPhone.Build.0 = Release|Any CPU
		{C2BA0B97-961A-4F5F-A1EC-791E094C3056}.Release|iPhone.Deploy.0 = Release|Any CPU
		{C2BA0B97-961A-4F5F-A1EC-791E094C3056}.Release|iPhoneSimulator.ActiveCfg = Release|Any CPU
		{C2BA0B97-961A-4F5F-A1EC-791E094C3056}.Release|iPhoneSimulator.Build.0 = Release|Any CPU
		{C2BA0B97-961A-4F5F-A1EC-791E094C3056}.Release|iPhoneSimulator.Deploy.0 = Release|Any CPU
		{C2BA0B97-961A-4F5F-A1EC-791E094C3056}.Release|x64.ActiveCfg = Release|Any CPU
		{C2BA0B97-961A-4F5F-A1EC-791E094C3056}.Release|x64.Build.0 = Release|Any CPU
		{C2BA0B97-961A-4F5F-A1EC-791E094C3056}.Release|x64.Deploy.0 = Release|Any CPU
		{C2BA0B97-961A-4F5F-A1EC-791E094C3056}.Release|x86.ActiveCfg = Release|Any CPU
		{C2BA0B97-961A-4F5F-A1EC-791E094C3056}.Release|x86.Build.0 = Release|Any CPU
		{C2BA0B97-961A-4F5F-A1EC-791E094C3056}.Release|x86.Deploy.0 = Release|Any CPU
		{BE760644-00D2-4BFA-9203-D358EDC85125}.Ad-Hoc|Any CPU.ActiveCfg = Ad-Hoc|iPhoneSimulator
		{BE760644-00D2-4BFA-9203-D358EDC85125}.Ad-Hoc|ARM.ActiveCfg = Ad-Hoc|iPhoneSimulator
		{BE760644-00D2-4BFA-9203-D358EDC85125}.Ad-Hoc|ARM64.ActiveCfg = Ad-Hoc|iPhoneSimulator
		{BE760644-00D2-4BFA-9203-D358EDC85125}.Ad-Hoc|iPhone.ActiveCfg = Ad-Hoc|iPhone
		{BE760644-00D2-4BFA-9203-D358EDC85125}.Ad-Hoc|iPhone.Build.0 = Ad-Hoc|iPhone
		{BE760644-00D2-4BFA-9203-D358EDC85125}.Ad-Hoc|iPhoneSimulator.ActiveCfg = Ad-Hoc|iPhoneSimulator
		{BE760644-00D2-4BFA-9203-D358EDC85125}.Ad-Hoc|iPhoneSimulator.Build.0 = Ad-Hoc|iPhoneSimulator
		{BE760644-00D2-4BFA-9203-D358EDC85125}.Ad-Hoc|x64.ActiveCfg = Ad-Hoc|iPhoneSimulator
		{BE760644-00D2-4BFA-9203-D358EDC85125}.Ad-Hoc|x86.ActiveCfg = Ad-Hoc|iPhoneSimulator
		{BE760644-00D2-4BFA-9203-D358EDC85125}.AppStore|Any CPU.ActiveCfg = AppStore|iPhoneSimulator
		{BE760644-00D2-4BFA-9203-D358EDC85125}.AppStore|ARM.ActiveCfg = AppStore|iPhoneSimulator
		{BE760644-00D2-4BFA-9203-D358EDC85125}.AppStore|ARM64.ActiveCfg = AppStore|iPhoneSimulator
		{BE760644-00D2-4BFA-9203-D358EDC85125}.AppStore|iPhone.ActiveCfg = AppStore|iPhone
		{BE760644-00D2-4BFA-9203-D358EDC85125}.AppStore|iPhone.Build.0 = AppStore|iPhone
		{BE760644-00D2-4BFA-9203-D358EDC85125}.AppStore|iPhoneSimulator.ActiveCfg = AppStore|iPhoneSimulator
		{BE760644-00D2-4BFA-9203-D358EDC85125}.AppStore|iPhoneSimulator.Build.0 = AppStore|iPhoneSimulator
		{BE760644-00D2-4BFA-9203-D358EDC85125}.AppStore|x64.ActiveCfg = AppStore|iPhoneSimulator
		{BE760644-00D2-4BFA-9203-D358EDC85125}.AppStore|x86.ActiveCfg = AppStore|iPhoneSimulator
		{BE760644-00D2-4BFA-9203-D358EDC85125}.Debug|Any CPU.ActiveCfg = Debug|iPhoneSimulator
		{BE760644-00D2-4BFA-9203-D358EDC85125}.Debug|ARM.ActiveCfg = Debug|iPhoneSimulator
		{BE760644-00D2-4BFA-9203-D358EDC85125}.Debug|ARM64.ActiveCfg = Debug|iPhoneSimulator
		{BE760644-00D2-4BFA-9203-D358EDC85125}.Debug|iPhone.ActiveCfg = Debug|iPhone
		{BE760644-00D2-4BFA-9203-D358EDC85125}.Debug|iPhone.Build.0 = Debug|iPhone
		{BE760644-00D2-4BFA-9203-D358EDC85125}.Debug|iPhoneSimulator.ActiveCfg = Debug|iPhoneSimulator
		{BE760644-00D2-4BFA-9203-D358EDC85125}.Debug|iPhoneSimulator.Build.0 = Debug|iPhoneSimulator
		{BE760644-00D2-4BFA-9203-D358EDC85125}.Debug|x64.ActiveCfg = Debug|iPhoneSimulator
		{BE760644-00D2-4BFA-9203-D358EDC85125}.Debug|x86.ActiveCfg = Debug|iPhoneSimulator
		{BE760644-00D2-4BFA-9203-D358EDC85125}.Release|Any CPU.ActiveCfg = Release|iPhoneSimulator
		{BE760644-00D2-4BFA-9203-D358EDC85125}.Release|ARM.ActiveCfg = Release|iPhoneSimulator
		{BE760644-00D2-4BFA-9203-D358EDC85125}.Release|ARM64.ActiveCfg = Release|iPhoneSimulator
		{BE760644-00D2-4BFA-9203-D358EDC85125}.Release|iPhone.ActiveCfg = Release|iPhone
		{BE760644-00D2-4BFA-9203-D358EDC85125}.Release|iPhone.Build.0 = Release|iPhone
		{BE760644-00D2-4BFA-9203-D358EDC85125}.Release|iPhoneSimulator.ActiveCfg = Release|iPhoneSimulator
		{BE760644-00D2-4BFA-9203-D358EDC85125}.Release|iPhoneSimulator.Build.0 = Release|iPhoneSimulator
		{BE760644-00D2-4BFA-9203-D358EDC85125}.Release|x64.ActiveCfg = Release|iPhoneSimulator
		{BE760644-00D2-4BFA-9203-D358EDC85125}.Release|x86.ActiveCfg = Release|iPhoneSimulator
		{5038F4D7-B610-421F-917E-2F8D248A78BA}.Ad-Hoc|Any CPU.ActiveCfg = Debug|x86
		{5038F4D7-B610-421F-917E-2F8D248A78BA}.Ad-Hoc|Any CPU.Build.0 = Debug|x86
		{5038F4D7-B610-421F-917E-2F8D248A78BA}.Ad-Hoc|Any CPU.Deploy.0 = Debug|x86
		{5038F4D7-B610-421F-917E-2F8D248A78BA}.Ad-Hoc|ARM.ActiveCfg = Debug|ARM
		{5038F4D7-B610-421F-917E-2F8D248A78BA}.Ad-Hoc|ARM.Build.0 = Debug|ARM
		{5038F4D7-B610-421F-917E-2F8D248A78BA}.Ad-Hoc|ARM.Deploy.0 = Debug|ARM
		{5038F4D7-B610-421F-917E-2F8D248A78BA}.Ad-Hoc|ARM64.ActiveCfg = Debug|ARM64
		{5038F4D7-B610-421F-917E-2F8D248A78BA}.Ad-Hoc|ARM64.Build.0 = Debug|ARM64
		{5038F4D7-B610-421F-917E-2F8D248A78BA}.Ad-Hoc|ARM64.Deploy.0 = Debug|ARM64
		{5038F4D7-B610-421F-917E-2F8D248A78BA}.Ad-Hoc|iPhone.ActiveCfg = Debug|x86
		{5038F4D7-B610-421F-917E-2F8D248A78BA}.Ad-Hoc|iPhone.Build.0 = Debug|x86
		{5038F4D7-B610-421F-917E-2F8D248A78BA}.Ad-Hoc|iPhone.Deploy.0 = Debug|x86
		{5038F4D7-B610-421F-917E-2F8D248A78BA}.Ad-Hoc|iPhoneSimulator.ActiveCfg = Debug|x86
		{5038F4D7-B610-421F-917E-2F8D248A78BA}.Ad-Hoc|iPhoneSimulator.Build.0 = Debug|x86
		{5038F4D7-B610-421F-917E-2F8D248A78BA}.Ad-Hoc|iPhoneSimulator.Deploy.0 = Debug|x86
		{5038F4D7-B610-421F-917E-2F8D248A78BA}.Ad-Hoc|x64.ActiveCfg = Debug|x64
		{5038F4D7-B610-421F-917E-2F8D248A78BA}.Ad-Hoc|x64.Build.0 = Debug|x64
		{5038F4D7-B610-421F-917E-2F8D248A78BA}.Ad-Hoc|x64.Deploy.0 = Debug|x64
		{5038F4D7-B610-421F-917E-2F8D248A78BA}.Ad-Hoc|x86.ActiveCfg = Debug|x86
		{5038F4D7-B610-421F-917E-2F8D248A78BA}.Ad-Hoc|x86.Build.0 = Debug|x86
		{5038F4D7-B610-421F-917E-2F8D248A78BA}.Ad-Hoc|x86.Deploy.0 = Debug|x86
		{5038F4D7-B610-421F-917E-2F8D248A78BA}.AppStore|Any CPU.ActiveCfg = Debug|x86
		{5038F4D7-B610-421F-917E-2F8D248A78BA}.AppStore|Any CPU.Build.0 = Debug|x86
		{5038F4D7-B610-421F-917E-2F8D248A78BA}.AppStore|Any CPU.Deploy.0 = Debug|x86
		{5038F4D7-B610-421F-917E-2F8D248A78BA}.AppStore|ARM.ActiveCfg = Debug|ARM
		{5038F4D7-B610-421F-917E-2F8D248A78BA}.AppStore|ARM.Build.0 = Debug|ARM
		{5038F4D7-B610-421F-917E-2F8D248A78BA}.AppStore|ARM.Deploy.0 = Debug|ARM
		{5038F4D7-B610-421F-917E-2F8D248A78BA}.AppStore|ARM64.ActiveCfg = Debug|ARM64
		{5038F4D7-B610-421F-917E-2F8D248A78BA}.AppStore|ARM64.Build.0 = Debug|ARM64
		{5038F4D7-B610-421F-917E-2F8D248A78BA}.AppStore|ARM64.Deploy.0 = Debug|ARM64
		{5038F4D7-B610-421F-917E-2F8D248A78BA}.AppStore|iPhone.ActiveCfg = Debug|x86
		{5038F4D7-B610-421F-917E-2F8D248A78BA}.AppStore|iPhone.Build.0 = Debug|x86
		{5038F4D7-B610-421F-917E-2F8D248A78BA}.AppStore|iPhone.Deploy.0 = Debug|x86
		{5038F4D7-B610-421F-917E-2F8D248A78BA}.AppStore|iPhoneSimulator.ActiveCfg = Debug|x86
		{5038F4D7-B610-421F-917E-2F8D248A78BA}.AppStore|iPhoneSimulator.Build.0 = Debug|x86
		{5038F4D7-B610-421F-917E-2F8D248A78BA}.AppStore|iPhoneSimulator.Deploy.0 = Debug|x86
		{5038F4D7-B610-421F-917E-2F8D248A78BA}.AppStore|x64.ActiveCfg = Debug|x64
		{5038F4D7-B610-421F-917E-2F8D248A78BA}.AppStore|x64.Build.0 = Debug|x64
		{5038F4D7-B610-421F-917E-2F8D248A78BA}.AppStore|x64.Deploy.0 = Debug|x64
		{5038F4D7-B610-421F-917E-2F8D248A78BA}.AppStore|x86.ActiveCfg = Debug|x86
		{5038F4D7-B610-421F-917E-2F8D248A78BA}.AppStore|x86.Build.0 = Debug|x86
		{5038F4D7-B610-421F-917E-2F8D248A78BA}.AppStore|x86.Deploy.0 = Debug|x86
		{5038F4D7-B610-421F-917E-2F8D248A78BA}.Debug|Any CPU.ActiveCfg = Debug|x86
		{5038F4D7-B610-421F-917E-2F8D248A78BA}.Debug|Any CPU.Build.0 = Debug|x86
		{5038F4D7-B610-421F-917E-2F8D248A78BA}.Debug|Any CPU.Deploy.0 = Debug|x86
		{5038F4D7-B610-421F-917E-2F8D248A78BA}.Debug|ARM.ActiveCfg = Debug|ARM
		{5038F4D7-B610-421F-917E-2F8D248A78BA}.Debug|ARM.Build.0 = Debug|ARM
		{5038F4D7-B610-421F-917E-2F8D248A78BA}.Debug|ARM.Deploy.0 = Debug|ARM
		{5038F4D7-B610-421F-917E-2F8D248A78BA}.Debug|ARM64.ActiveCfg = Debug|ARM64
		{5038F4D7-B610-421F-917E-2F8D248A78BA}.Debug|ARM64.Build.0 = Debug|ARM64
		{5038F4D7-B610-421F-917E-2F8D248A78BA}.Debug|ARM64.Deploy.0 = Debug|ARM64
		{5038F4D7-B610-421F-917E-2F8D248A78BA}.Debug|iPhone.ActiveCfg = Debug|x86
		{5038F4D7-B610-421F-917E-2F8D248A78BA}.Debug|iPhoneSimulator.ActiveCfg = Debug|x86
		{5038F4D7-B610-421F-917E-2F8D248A78BA}.Debug|x64.ActiveCfg = Debug|x64
		{5038F4D7-B610-421F-917E-2F8D248A78BA}.Debug|x64.Build.0 = Debug|x64
		{5038F4D7-B610-421F-917E-2F8D248A78BA}.Debug|x64.Deploy.0 = Debug|x64
		{5038F4D7-B610-421F-917E-2F8D248A78BA}.Debug|x86.ActiveCfg = Debug|x86
		{5038F4D7-B610-421F-917E-2F8D248A78BA}.Debug|x86.Build.0 = Debug|x86
		{5038F4D7-B610-421F-917E-2F8D248A78BA}.Debug|x86.Deploy.0 = Debug|x86
		{5038F4D7-B610-421F-917E-2F8D248A78BA}.Release|Any CPU.ActiveCfg = Release|x86
		{5038F4D7-B610-421F-917E-2F8D248A78BA}.Release|ARM.ActiveCfg = Release|ARM
		{5038F4D7-B610-421F-917E-2F8D248A78BA}.Release|ARM.Build.0 = Release|ARM
		{5038F4D7-B610-421F-917E-2F8D248A78BA}.Release|ARM.Deploy.0 = Release|ARM
		{5038F4D7-B610-421F-917E-2F8D248A78BA}.Release|ARM64.ActiveCfg = Release|ARM64
		{5038F4D7-B610-421F-917E-2F8D248A78BA}.Release|ARM64.Build.0 = Release|ARM64
		{5038F4D7-B610-421F-917E-2F8D248A78BA}.Release|ARM64.Deploy.0 = Release|ARM64
		{5038F4D7-B610-421F-917E-2F8D248A78BA}.Release|iPhone.ActiveCfg = Release|x86
		{5038F4D7-B610-421F-917E-2F8D248A78BA}.Release|iPhoneSimulator.ActiveCfg = Release|x86
		{5038F4D7-B610-421F-917E-2F8D248A78BA}.Release|x64.ActiveCfg = Release|x64
		{5038F4D7-B610-421F-917E-2F8D248A78BA}.Release|x64.Build.0 = Release|x64
		{5038F4D7-B610-421F-917E-2F8D248A78BA}.Release|x64.Deploy.0 = Release|x64
		{5038F4D7-B610-421F-917E-2F8D248A78BA}.Release|x86.ActiveCfg = Release|x86
		{5038F4D7-B610-421F-917E-2F8D248A78BA}.Release|x86.Build.0 = Release|x86
		{5038F4D7-B610-421F-917E-2F8D248A78BA}.Release|x86.Deploy.0 = Release|x86
		{21A7C811-5165-40D1-A079-9FCBA2A0D8E4}.Ad-Hoc|Any CPU.ActiveCfg = Debug|Any CPU
		{21A7C811-5165-40D1-A079-9FCBA2A0D8E4}.Ad-Hoc|Any CPU.Build.0 = Debug|Any CPU
		{21A7C811-5165-40D1-A079-9FCBA2A0D8E4}.Ad-Hoc|ARM.ActiveCfg = Debug|Any CPU
		{21A7C811-5165-40D1-A079-9FCBA2A0D8E4}.Ad-Hoc|ARM.Build.0 = Debug|Any CPU
		{21A7C811-5165-40D1-A079-9FCBA2A0D8E4}.Ad-Hoc|ARM64.ActiveCfg = Debug|Any CPU
		{21A7C811-5165-40D1-A079-9FCBA2A0D8E4}.Ad-Hoc|ARM64.Build.0 = Debug|Any CPU
		{21A7C811-5165-40D1-A079-9FCBA2A0D8E4}.Ad-Hoc|iPhone.ActiveCfg = Debug|Any CPU
		{21A7C811-5165-40D1-A079-9FCBA2A0D8E4}.Ad-Hoc|iPhone.Build.0 = Debug|Any CPU
		{21A7C811-5165-40D1-A079-9FCBA2A0D8E4}.Ad-Hoc|iPhoneSimulator.ActiveCfg = Debug|Any CPU
		{21A7C811-5165-40D1-A079-9FCBA2A0D8E4}.Ad-Hoc|iPhoneSimulator.Build.0 = Debug|Any CPU
		{21A7C811-5165-40D1-A079-9FCBA2A0D8E4}.Ad-Hoc|x64.ActiveCfg = Debug|Any CPU
		{21A7C811-5165-40D1-A079-9FCBA2A0D8E4}.Ad-Hoc|x64.Build.0 = Debug|Any CPU
		{21A7C811-5165-40D1-A079-9FCBA2A0D8E4}.Ad-Hoc|x86.ActiveCfg = Debug|Any CPU
		{21A7C811-5165-40D1-A079-9FCBA2A0D8E4}.Ad-Hoc|x86.Build.0 = Debug|Any CPU
		{21A7C811-5165-40D1-A079-9FCBA2A0D8E4}.AppStore|Any CPU.ActiveCfg = Debug|Any CPU
		{21A7C811-5165-40D1-A079-9FCBA2A0D8E4}.AppStore|Any CPU.Build.0 = Debug|Any CPU
		{21A7C811-5165-40D1-A079-9FCBA2A0D8E4}.AppStore|ARM.ActiveCfg = Debug|Any CPU
		{21A7C811-5165-40D1-A079-9FCBA2A0D8E4}.AppStore|ARM.Build.0 = Debug|Any CPU
		{21A7C811-5165-40D1-A079-9FCBA2A0D8E4}.AppStore|ARM64.ActiveCfg = Debug|Any CPU
		{21A7C811-5165-40D1-A079-9FCBA2A0D8E4}.AppStore|ARM64.Build.0 = Debug|Any CPU
		{21A7C811-5165-40D1-A079-9FCBA2A0D8E4}.AppStore|iPhone.ActiveCfg = Debug|Any CPU
		{21A7C811-5165-40D1-A079-9FCBA2A0D8E4}.AppStore|iPhone.Build.0 = Debug|Any CPU
		{21A7C811-5165-40D1-A079-9FCBA2A0D8E4}.AppStore|iPhoneSimulator.ActiveCfg = Debug|Any CPU
		{21A7C811-5165-40D1-A079-9FCBA2A0D8E4}.AppStore|iPhoneSimulator.Build.0 = Debug|Any CPU
		{21A7C811-5165-40D1-A079-9FCBA2A0D8E4}.AppStore|x64.ActiveCfg = Debug|Any CPU
		{21A7C811-5165-40D1-A079-9FCBA2A0D8E4}.AppStore|x64.Build.0 = Debug|Any CPU
		{21A7C811-5165-40D1-A079-9FCBA2A0D8E4}.AppStore|x86.ActiveCfg = Debug|Any CPU
		{21A7C811-5165-40D1-A079-9FCBA2A0D8E4}.AppStore|x86.Build.0 = Debug|Any CPU
		{21A7C811-5165-40D1-A079-9FCBA2A0D8E4}.Debug|Any CPU.ActiveCfg = Debug|Any CPU
		{21A7C811-5165-40D1-A079-9FCBA2A0D8E4}.Debug|Any CPU.Build.0 = Debug|Any CPU
		{21A7C811-5165-40D1-A079-9FCBA2A0D8E4}.Debug|ARM.ActiveCfg = Debug|Any CPU
		{21A7C811-5165-40D1-A079-9FCBA2A0D8E4}.Debug|ARM.Build.0 = Debug|Any CPU
		{21A7C811-5165-40D1-A079-9FCBA2A0D8E4}.Debug|ARM64.ActiveCfg = Debug|Any CPU
		{21A7C811-5165-40D1-A079-9FCBA2A0D8E4}.Debug|ARM64.Build.0 = Debug|Any CPU
		{21A7C811-5165-40D1-A079-9FCBA2A0D8E4}.Debug|iPhone.ActiveCfg = Debug|Any CPU
		{21A7C811-5165-40D1-A079-9FCBA2A0D8E4}.Debug|iPhone.Build.0 = Debug|Any CPU
		{21A7C811-5165-40D1-A079-9FCBA2A0D8E4}.Debug|iPhoneSimulator.ActiveCfg = Debug|Any CPU
		{21A7C811-5165-40D1-A079-9FCBA2A0D8E4}.Debug|iPhoneSimulator.Build.0 = Debug|Any CPU
		{21A7C811-5165-40D1-A079-9FCBA2A0D8E4}.Debug|x64.ActiveCfg = Debug|Any CPU
		{21A7C811-5165-40D1-A079-9FCBA2A0D8E4}.Debug|x64.Build.0 = Debug|Any CPU
		{21A7C811-5165-40D1-A079-9FCBA2A0D8E4}.Debug|x86.ActiveCfg = Debug|Any CPU
		{21A7C811-5165-40D1-A079-9FCBA2A0D8E4}.Debug|x86.Build.0 = Debug|Any CPU
		{21A7C811-5165-40D1-A079-9FCBA2A0D8E4}.Release|Any CPU.ActiveCfg = Release|Any CPU
		{21A7C811-5165-40D1-A079-9FCBA2A0D8E4}.Release|Any CPU.Build.0 = Release|Any CPU
		{21A7C811-5165-40D1-A079-9FCBA2A0D8E4}.Release|ARM.ActiveCfg = Release|Any CPU
		{21A7C811-5165-40D1-A079-9FCBA2A0D8E4}.Release|ARM.Build.0 = Release|Any CPU
		{21A7C811-5165-40D1-A079-9FCBA2A0D8E4}.Release|ARM64.ActiveCfg = Release|Any CPU
		{21A7C811-5165-40D1-A079-9FCBA2A0D8E4}.Release|ARM64.Build.0 = Release|Any CPU
		{21A7C811-5165-40D1-A079-9FCBA2A0D8E4}.Release|iPhone.ActiveCfg = Release|Any CPU
		{21A7C811-5165-40D1-A079-9FCBA2A0D8E4}.Release|iPhone.Build.0 = Release|Any CPU
		{21A7C811-5165-40D1-A079-9FCBA2A0D8E4}.Release|iPhoneSimulator.ActiveCfg = Release|Any CPU
		{21A7C811-5165-40D1-A079-9FCBA2A0D8E4}.Release|iPhoneSimulator.Build.0 = Release|Any CPU
		{21A7C811-5165-40D1-A079-9FCBA2A0D8E4}.Release|x64.ActiveCfg = Release|Any CPU
		{21A7C811-5165-40D1-A079-9FCBA2A0D8E4}.Release|x64.Build.0 = Release|Any CPU
		{21A7C811-5165-40D1-A079-9FCBA2A0D8E4}.Release|x86.ActiveCfg = Release|Any CPU
		{21A7C811-5165-40D1-A079-9FCBA2A0D8E4}.Release|x86.Build.0 = Release|Any CPU
		{F258910F-09B3-40C1-BB3A-20057DCA7366}.Ad-Hoc|Any CPU.ActiveCfg = Debug|iPhoneSimulator
		{F258910F-09B3-40C1-BB3A-20057DCA7366}.Ad-Hoc|Any CPU.Build.0 = Debug|iPhoneSimulator
		{F258910F-09B3-40C1-BB3A-20057DCA7366}.Ad-Hoc|ARM.ActiveCfg = Debug|iPhoneSimulator
		{F258910F-09B3-40C1-BB3A-20057DCA7366}.Ad-Hoc|ARM.Build.0 = Debug|iPhoneSimulator
		{F258910F-09B3-40C1-BB3A-20057DCA7366}.Ad-Hoc|ARM64.ActiveCfg = Debug|iPhoneSimulator
		{F258910F-09B3-40C1-BB3A-20057DCA7366}.Ad-Hoc|ARM64.Build.0 = Debug|iPhoneSimulator
		{F258910F-09B3-40C1-BB3A-20057DCA7366}.Ad-Hoc|iPhone.ActiveCfg = Debug|iPhoneSimulator
		{F258910F-09B3-40C1-BB3A-20057DCA7366}.Ad-Hoc|iPhone.Build.0 = Debug|iPhoneSimulator
		{F258910F-09B3-40C1-BB3A-20057DCA7366}.Ad-Hoc|iPhoneSimulator.ActiveCfg = Debug|iPhoneSimulator
		{F258910F-09B3-40C1-BB3A-20057DCA7366}.Ad-Hoc|iPhoneSimulator.Build.0 = Debug|iPhoneSimulator
		{F258910F-09B3-40C1-BB3A-20057DCA7366}.Ad-Hoc|x64.ActiveCfg = Debug|iPhoneSimulator
		{F258910F-09B3-40C1-BB3A-20057DCA7366}.Ad-Hoc|x64.Build.0 = Debug|iPhoneSimulator
		{F258910F-09B3-40C1-BB3A-20057DCA7366}.Ad-Hoc|x86.ActiveCfg = Debug|iPhoneSimulator
		{F258910F-09B3-40C1-BB3A-20057DCA7366}.Ad-Hoc|x86.Build.0 = Debug|iPhoneSimulator
		{F258910F-09B3-40C1-BB3A-20057DCA7366}.AppStore|Any CPU.ActiveCfg = Debug|iPhoneSimulator
		{F258910F-09B3-40C1-BB3A-20057DCA7366}.AppStore|Any CPU.Build.0 = Debug|iPhoneSimulator
		{F258910F-09B3-40C1-BB3A-20057DCA7366}.AppStore|ARM.ActiveCfg = Debug|iPhoneSimulator
		{F258910F-09B3-40C1-BB3A-20057DCA7366}.AppStore|ARM.Build.0 = Debug|iPhoneSimulator
		{F258910F-09B3-40C1-BB3A-20057DCA7366}.AppStore|ARM64.ActiveCfg = Debug|iPhoneSimulator
		{F258910F-09B3-40C1-BB3A-20057DCA7366}.AppStore|ARM64.Build.0 = Debug|iPhoneSimulator
		{F258910F-09B3-40C1-BB3A-20057DCA7366}.AppStore|iPhone.ActiveCfg = Debug|iPhoneSimulator
		{F258910F-09B3-40C1-BB3A-20057DCA7366}.AppStore|iPhone.Build.0 = Debug|iPhoneSimulator
		{F258910F-09B3-40C1-BB3A-20057DCA7366}.AppStore|iPhoneSimulator.ActiveCfg = Debug|iPhoneSimulator
		{F258910F-09B3-40C1-BB3A-20057DCA7366}.AppStore|iPhoneSimulator.Build.0 = Debug|iPhoneSimulator
		{F258910F-09B3-40C1-BB3A-20057DCA7366}.AppStore|x64.ActiveCfg = Debug|iPhoneSimulator
		{F258910F-09B3-40C1-BB3A-20057DCA7366}.AppStore|x64.Build.0 = Debug|iPhoneSimulator
		{F258910F-09B3-40C1-BB3A-20057DCA7366}.AppStore|x86.ActiveCfg = Debug|iPhoneSimulator
		{F258910F-09B3-40C1-BB3A-20057DCA7366}.AppStore|x86.Build.0 = Debug|iPhoneSimulator
		{F258910F-09B3-40C1-BB3A-20057DCA7366}.Debug|Any CPU.ActiveCfg = Debug|iPhoneSimulator
		{F258910F-09B3-40C1-BB3A-20057DCA7366}.Debug|ARM.ActiveCfg = Debug|iPhoneSimulator
		{F258910F-09B3-40C1-BB3A-20057DCA7366}.Debug|ARM64.ActiveCfg = Debug|iPhoneSimulator
		{F258910F-09B3-40C1-BB3A-20057DCA7366}.Debug|iPhone.ActiveCfg = Debug|iPhoneSimulator
		{F258910F-09B3-40C1-BB3A-20057DCA7366}.Debug|iPhoneSimulator.ActiveCfg = Debug|iPhoneSimulator
		{F258910F-09B3-40C1-BB3A-20057DCA7366}.Debug|iPhoneSimulator.Build.0 = Debug|iPhoneSimulator
		{F258910F-09B3-40C1-BB3A-20057DCA7366}.Debug|x64.ActiveCfg = Debug|iPhoneSimulator
		{F258910F-09B3-40C1-BB3A-20057DCA7366}.Debug|x86.ActiveCfg = Debug|iPhoneSimulator
		{F258910F-09B3-40C1-BB3A-20057DCA7366}.Release|Any CPU.ActiveCfg = Release|iPhoneSimulator
		{F258910F-09B3-40C1-BB3A-20057DCA7366}.Release|ARM.ActiveCfg = Release|iPhoneSimulator
		{F258910F-09B3-40C1-BB3A-20057DCA7366}.Release|ARM64.ActiveCfg = Release|iPhoneSimulator
		{F258910F-09B3-40C1-BB3A-20057DCA7366}.Release|iPhone.ActiveCfg = Release|iPhoneSimulator
		{F258910F-09B3-40C1-BB3A-20057DCA7366}.Release|iPhoneSimulator.ActiveCfg = Release|iPhoneSimulator
		{F258910F-09B3-40C1-BB3A-20057DCA7366}.Release|iPhoneSimulator.Build.0 = Release|iPhoneSimulator
		{F258910F-09B3-40C1-BB3A-20057DCA7366}.Release|x64.ActiveCfg = Release|iPhoneSimulator
		{F258910F-09B3-40C1-BB3A-20057DCA7366}.Release|x86.ActiveCfg = Release|iPhoneSimulator
		{461F7336-273D-451D-A8EF-DD1CD9AB5D57}.Ad-Hoc|Any CPU.ActiveCfg = Debug|Any CPU
		{461F7336-273D-451D-A8EF-DD1CD9AB5D57}.Ad-Hoc|Any CPU.Build.0 = Debug|Any CPU
		{461F7336-273D-451D-A8EF-DD1CD9AB5D57}.Ad-Hoc|ARM.ActiveCfg = Debug|Any CPU
		{461F7336-273D-451D-A8EF-DD1CD9AB5D57}.Ad-Hoc|ARM.Build.0 = Debug|Any CPU
		{461F7336-273D-451D-A8EF-DD1CD9AB5D57}.Ad-Hoc|ARM64.ActiveCfg = Debug|Any CPU
		{461F7336-273D-451D-A8EF-DD1CD9AB5D57}.Ad-Hoc|ARM64.Build.0 = Debug|Any CPU
		{461F7336-273D-451D-A8EF-DD1CD9AB5D57}.Ad-Hoc|iPhone.ActiveCfg = Debug|Any CPU
		{461F7336-273D-451D-A8EF-DD1CD9AB5D57}.Ad-Hoc|iPhone.Build.0 = Debug|Any CPU
		{461F7336-273D-451D-A8EF-DD1CD9AB5D57}.Ad-Hoc|iPhoneSimulator.ActiveCfg = Debug|Any CPU
		{461F7336-273D-451D-A8EF-DD1CD9AB5D57}.Ad-Hoc|iPhoneSimulator.Build.0 = Debug|Any CPU
		{461F7336-273D-451D-A8EF-DD1CD9AB5D57}.Ad-Hoc|x64.ActiveCfg = Debug|Any CPU
		{461F7336-273D-451D-A8EF-DD1CD9AB5D57}.Ad-Hoc|x64.Build.0 = Debug|Any CPU
		{461F7336-273D-451D-A8EF-DD1CD9AB5D57}.Ad-Hoc|x86.ActiveCfg = Debug|Any CPU
		{461F7336-273D-451D-A8EF-DD1CD9AB5D57}.Ad-Hoc|x86.Build.0 = Debug|Any CPU
		{461F7336-273D-451D-A8EF-DD1CD9AB5D57}.AppStore|Any CPU.ActiveCfg = Debug|Any CPU
		{461F7336-273D-451D-A8EF-DD1CD9AB5D57}.AppStore|Any CPU.Build.0 = Debug|Any CPU
		{461F7336-273D-451D-A8EF-DD1CD9AB5D57}.AppStore|ARM.ActiveCfg = Debug|Any CPU
		{461F7336-273D-451D-A8EF-DD1CD9AB5D57}.AppStore|ARM.Build.0 = Debug|Any CPU
		{461F7336-273D-451D-A8EF-DD1CD9AB5D57}.AppStore|ARM64.ActiveCfg = Debug|Any CPU
		{461F7336-273D-451D-A8EF-DD1CD9AB5D57}.AppStore|ARM64.Build.0 = Debug|Any CPU
		{461F7336-273D-451D-A8EF-DD1CD9AB5D57}.AppStore|iPhone.ActiveCfg = Debug|Any CPU
		{461F7336-273D-451D-A8EF-DD1CD9AB5D57}.AppStore|iPhone.Build.0 = Debug|Any CPU
		{461F7336-273D-451D-A8EF-DD1CD9AB5D57}.AppStore|iPhoneSimulator.ActiveCfg = Debug|Any CPU
		{461F7336-273D-451D-A8EF-DD1CD9AB5D57}.AppStore|iPhoneSimulator.Build.0 = Debug|Any CPU
		{461F7336-273D-451D-A8EF-DD1CD9AB5D57}.AppStore|x64.ActiveCfg = Debug|Any CPU
		{461F7336-273D-451D-A8EF-DD1CD9AB5D57}.AppStore|x64.Build.0 = Debug|Any CPU
		{461F7336-273D-451D-A8EF-DD1CD9AB5D57}.AppStore|x86.ActiveCfg = Debug|Any CPU
		{461F7336-273D-451D-A8EF-DD1CD9AB5D57}.AppStore|x86.Build.0 = Debug|Any CPU
		{461F7336-273D-451D-A8EF-DD1CD9AB5D57}.Debug|Any CPU.ActiveCfg = Debug|Any CPU
		{461F7336-273D-451D-A8EF-DD1CD9AB5D57}.Debug|Any CPU.Build.0 = Debug|Any CPU
		{461F7336-273D-451D-A8EF-DD1CD9AB5D57}.Debug|ARM.ActiveCfg = Debug|Any CPU
		{461F7336-273D-451D-A8EF-DD1CD9AB5D57}.Debug|ARM.Build.0 = Debug|Any CPU
		{461F7336-273D-451D-A8EF-DD1CD9AB5D57}.Debug|ARM64.ActiveCfg = Debug|Any CPU
		{461F7336-273D-451D-A8EF-DD1CD9AB5D57}.Debug|ARM64.Build.0 = Debug|Any CPU
		{461F7336-273D-451D-A8EF-DD1CD9AB5D57}.Debug|iPhone.ActiveCfg = Debug|Any CPU
		{461F7336-273D-451D-A8EF-DD1CD9AB5D57}.Debug|iPhone.Build.0 = Debug|Any CPU
		{461F7336-273D-451D-A8EF-DD1CD9AB5D57}.Debug|iPhoneSimulator.ActiveCfg = Debug|Any CPU
		{461F7336-273D-451D-A8EF-DD1CD9AB5D57}.Debug|iPhoneSimulator.Build.0 = Debug|Any CPU
		{461F7336-273D-451D-A8EF-DD1CD9AB5D57}.Debug|x64.ActiveCfg = Debug|Any CPU
		{461F7336-273D-451D-A8EF-DD1CD9AB5D57}.Debug|x64.Build.0 = Debug|Any CPU
		{461F7336-273D-451D-A8EF-DD1CD9AB5D57}.Debug|x86.ActiveCfg = Debug|Any CPU
		{461F7336-273D-451D-A8EF-DD1CD9AB5D57}.Debug|x86.Build.0 = Debug|Any CPU
		{461F7336-273D-451D-A8EF-DD1CD9AB5D57}.Release|Any CPU.ActiveCfg = Release|Any CPU
		{461F7336-273D-451D-A8EF-DD1CD9AB5D57}.Release|Any CPU.Build.0 = Release|Any CPU
		{461F7336-273D-451D-A8EF-DD1CD9AB5D57}.Release|ARM.ActiveCfg = Release|Any CPU
		{461F7336-273D-451D-A8EF-DD1CD9AB5D57}.Release|ARM.Build.0 = Release|Any CPU
		{461F7336-273D-451D-A8EF-DD1CD9AB5D57}.Release|ARM64.ActiveCfg = Release|Any CPU
		{461F7336-273D-451D-A8EF-DD1CD9AB5D57}.Release|ARM64.Build.0 = Release|Any CPU
		{461F7336-273D-451D-A8EF-DD1CD9AB5D57}.Release|iPhone.ActiveCfg = Release|Any CPU
		{461F7336-273D-451D-A8EF-DD1CD9AB5D57}.Release|iPhone.Build.0 = Release|Any CPU
		{461F7336-273D-451D-A8EF-DD1CD9AB5D57}.Release|iPhoneSimulator.ActiveCfg = Release|Any CPU
		{461F7336-273D-451D-A8EF-DD1CD9AB5D57}.Release|iPhoneSimulator.Build.0 = Release|Any CPU
		{461F7336-273D-451D-A8EF-DD1CD9AB5D57}.Release|x64.ActiveCfg = Release|Any CPU
		{461F7336-273D-451D-A8EF-DD1CD9AB5D57}.Release|x64.Build.0 = Release|Any CPU
		{461F7336-273D-451D-A8EF-DD1CD9AB5D57}.Release|x86.ActiveCfg = Release|Any CPU
		{461F7336-273D-451D-A8EF-DD1CD9AB5D57}.Release|x86.Build.0 = Release|Any CPU
		{6E437BF5-D93A-42F2-860E-FFFF5321E014}.Ad-Hoc|Any CPU.ActiveCfg = Debug|Any CPU
		{6E437BF5-D93A-42F2-860E-FFFF5321E014}.Ad-Hoc|Any CPU.Build.0 = Debug|Any CPU
		{6E437BF5-D93A-42F2-860E-FFFF5321E014}.Ad-Hoc|ARM.ActiveCfg = Debug|Any CPU
		{6E437BF5-D93A-42F2-860E-FFFF5321E014}.Ad-Hoc|ARM.Build.0 = Debug|Any CPU
		{6E437BF5-D93A-42F2-860E-FFFF5321E014}.Ad-Hoc|ARM64.ActiveCfg = Debug|Any CPU
		{6E437BF5-D93A-42F2-860E-FFFF5321E014}.Ad-Hoc|ARM64.Build.0 = Debug|Any CPU
		{6E437BF5-D93A-42F2-860E-FFFF5321E014}.Ad-Hoc|iPhone.ActiveCfg = Debug|Any CPU
		{6E437BF5-D93A-42F2-860E-FFFF5321E014}.Ad-Hoc|iPhone.Build.0 = Debug|Any CPU
		{6E437BF5-D93A-42F2-860E-FFFF5321E014}.Ad-Hoc|iPhoneSimulator.ActiveCfg = Debug|Any CPU
		{6E437BF5-D93A-42F2-860E-FFFF5321E014}.Ad-Hoc|iPhoneSimulator.Build.0 = Debug|Any CPU
		{6E437BF5-D93A-42F2-860E-FFFF5321E014}.Ad-Hoc|x64.ActiveCfg = Debug|Any CPU
		{6E437BF5-D93A-42F2-860E-FFFF5321E014}.Ad-Hoc|x64.Build.0 = Debug|Any CPU
		{6E437BF5-D93A-42F2-860E-FFFF5321E014}.Ad-Hoc|x86.ActiveCfg = Debug|Any CPU
		{6E437BF5-D93A-42F2-860E-FFFF5321E014}.Ad-Hoc|x86.Build.0 = Debug|Any CPU
		{6E437BF5-D93A-42F2-860E-FFFF5321E014}.AppStore|Any CPU.ActiveCfg = Debug|Any CPU
		{6E437BF5-D93A-42F2-860E-FFFF5321E014}.AppStore|Any CPU.Build.0 = Debug|Any CPU
		{6E437BF5-D93A-42F2-860E-FFFF5321E014}.AppStore|ARM.ActiveCfg = Debug|Any CPU
		{6E437BF5-D93A-42F2-860E-FFFF5321E014}.AppStore|ARM.Build.0 = Debug|Any CPU
		{6E437BF5-D93A-42F2-860E-FFFF5321E014}.AppStore|ARM64.ActiveCfg = Debug|Any CPU
		{6E437BF5-D93A-42F2-860E-FFFF5321E014}.AppStore|ARM64.Build.0 = Debug|Any CPU
		{6E437BF5-D93A-42F2-860E-FFFF5321E014}.AppStore|iPhone.ActiveCfg = Debug|Any CPU
		{6E437BF5-D93A-42F2-860E-FFFF5321E014}.AppStore|iPhone.Build.0 = Debug|Any CPU
		{6E437BF5-D93A-42F2-860E-FFFF5321E014}.AppStore|iPhoneSimulator.ActiveCfg = Debug|Any CPU
		{6E437BF5-D93A-42F2-860E-FFFF5321E014}.AppStore|iPhoneSimulator.Build.0 = Debug|Any CPU
		{6E437BF5-D93A-42F2-860E-FFFF5321E014}.AppStore|x64.ActiveCfg = Debug|Any CPU
		{6E437BF5-D93A-42F2-860E-FFFF5321E014}.AppStore|x64.Build.0 = Debug|Any CPU
		{6E437BF5-D93A-42F2-860E-FFFF5321E014}.AppStore|x86.ActiveCfg = Debug|Any CPU
		{6E437BF5-D93A-42F2-860E-FFFF5321E014}.AppStore|x86.Build.0 = Debug|Any CPU
		{6E437BF5-D93A-42F2-860E-FFFF5321E014}.Debug|Any CPU.ActiveCfg = Debug|Any CPU
		{6E437BF5-D93A-42F2-860E-FFFF5321E014}.Debug|Any CPU.Build.0 = Debug|Any CPU
		{6E437BF5-D93A-42F2-860E-FFFF5321E014}.Debug|ARM.ActiveCfg = Debug|Any CPU
		{6E437BF5-D93A-42F2-860E-FFFF5321E014}.Debug|ARM.Build.0 = Debug|Any CPU
		{6E437BF5-D93A-42F2-860E-FFFF5321E014}.Debug|ARM64.ActiveCfg = Debug|Any CPU
		{6E437BF5-D93A-42F2-860E-FFFF5321E014}.Debug|ARM64.Build.0 = Debug|Any CPU
		{6E437BF5-D93A-42F2-860E-FFFF5321E014}.Debug|iPhone.ActiveCfg = Debug|Any CPU
		{6E437BF5-D93A-42F2-860E-FFFF5321E014}.Debug|iPhone.Build.0 = Debug|Any CPU
		{6E437BF5-D93A-42F2-860E-FFFF5321E014}.Debug|iPhoneSimulator.ActiveCfg = Debug|Any CPU
		{6E437BF5-D93A-42F2-860E-FFFF5321E014}.Debug|iPhoneSimulator.Build.0 = Debug|Any CPU
		{6E437BF5-D93A-42F2-860E-FFFF5321E014}.Debug|x64.ActiveCfg = Debug|Any CPU
		{6E437BF5-D93A-42F2-860E-FFFF5321E014}.Debug|x64.Build.0 = Debug|Any CPU
		{6E437BF5-D93A-42F2-860E-FFFF5321E014}.Debug|x86.ActiveCfg = Debug|Any CPU
		{6E437BF5-D93A-42F2-860E-FFFF5321E014}.Debug|x86.Build.0 = Debug|Any CPU
		{6E437BF5-D93A-42F2-860E-FFFF5321E014}.Release|Any CPU.ActiveCfg = Release|Any CPU
		{6E437BF5-D93A-42F2-860E-FFFF5321E014}.Release|Any CPU.Build.0 = Release|Any CPU
		{6E437BF5-D93A-42F2-860E-FFFF5321E014}.Release|ARM.ActiveCfg = Release|Any CPU
		{6E437BF5-D93A-42F2-860E-FFFF5321E014}.Release|ARM.Build.0 = Release|Any CPU
		{6E437BF5-D93A-42F2-860E-FFFF5321E014}.Release|ARM64.ActiveCfg = Release|Any CPU
		{6E437BF5-D93A-42F2-860E-FFFF5321E014}.Release|ARM64.Build.0 = Release|Any CPU
		{6E437BF5-D93A-42F2-860E-FFFF5321E014}.Release|iPhone.ActiveCfg = Release|Any CPU
		{6E437BF5-D93A-42F2-860E-FFFF5321E014}.Release|iPhone.Build.0 = Release|Any CPU
		{6E437BF5-D93A-42F2-860E-FFFF5321E014}.Release|iPhoneSimulator.ActiveCfg = Release|Any CPU
		{6E437BF5-D93A-42F2-860E-FFFF5321E014}.Release|iPhoneSimulator.Build.0 = Release|Any CPU
		{6E437BF5-D93A-42F2-860E-FFFF5321E014}.Release|x64.ActiveCfg = Release|Any CPU
		{6E437BF5-D93A-42F2-860E-FFFF5321E014}.Release|x64.Build.0 = Release|Any CPU
		{6E437BF5-D93A-42F2-860E-FFFF5321E014}.Release|x86.ActiveCfg = Release|Any CPU
		{6E437BF5-D93A-42F2-860E-FFFF5321E014}.Release|x86.Build.0 = Release|Any CPU
		{5A1B2D76-E5AF-4D0C-BB41-D9598B5CCB0C}.Ad-Hoc|Any CPU.ActiveCfg = Debug|Any CPU
		{5A1B2D76-E5AF-4D0C-BB41-D9598B5CCB0C}.Ad-Hoc|Any CPU.Build.0 = Debug|Any CPU
		{5A1B2D76-E5AF-4D0C-BB41-D9598B5CCB0C}.Ad-Hoc|ARM.ActiveCfg = Debug|Any CPU
		{5A1B2D76-E5AF-4D0C-BB41-D9598B5CCB0C}.Ad-Hoc|ARM.Build.0 = Debug|Any CPU
		{5A1B2D76-E5AF-4D0C-BB41-D9598B5CCB0C}.Ad-Hoc|ARM64.ActiveCfg = Debug|Any CPU
		{5A1B2D76-E5AF-4D0C-BB41-D9598B5CCB0C}.Ad-Hoc|ARM64.Build.0 = Debug|Any CPU
		{5A1B2D76-E5AF-4D0C-BB41-D9598B5CCB0C}.Ad-Hoc|iPhone.ActiveCfg = Debug|Any CPU
		{5A1B2D76-E5AF-4D0C-BB41-D9598B5CCB0C}.Ad-Hoc|iPhone.Build.0 = Debug|Any CPU
		{5A1B2D76-E5AF-4D0C-BB41-D9598B5CCB0C}.Ad-Hoc|iPhoneSimulator.ActiveCfg = Debug|Any CPU
		{5A1B2D76-E5AF-4D0C-BB41-D9598B5CCB0C}.Ad-Hoc|iPhoneSimulator.Build.0 = Debug|Any CPU
		{5A1B2D76-E5AF-4D0C-BB41-D9598B5CCB0C}.Ad-Hoc|x64.ActiveCfg = Debug|Any CPU
		{5A1B2D76-E5AF-4D0C-BB41-D9598B5CCB0C}.Ad-Hoc|x64.Build.0 = Debug|Any CPU
		{5A1B2D76-E5AF-4D0C-BB41-D9598B5CCB0C}.Ad-Hoc|x86.ActiveCfg = Debug|Any CPU
		{5A1B2D76-E5AF-4D0C-BB41-D9598B5CCB0C}.Ad-Hoc|x86.Build.0 = Debug|Any CPU
		{5A1B2D76-E5AF-4D0C-BB41-D9598B5CCB0C}.AppStore|Any CPU.ActiveCfg = Debug|Any CPU
		{5A1B2D76-E5AF-4D0C-BB41-D9598B5CCB0C}.AppStore|Any CPU.Build.0 = Debug|Any CPU
		{5A1B2D76-E5AF-4D0C-BB41-D9598B5CCB0C}.AppStore|ARM.ActiveCfg = Debug|Any CPU
		{5A1B2D76-E5AF-4D0C-BB41-D9598B5CCB0C}.AppStore|ARM.Build.0 = Debug|Any CPU
		{5A1B2D76-E5AF-4D0C-BB41-D9598B5CCB0C}.AppStore|ARM64.ActiveCfg = Debug|Any CPU
		{5A1B2D76-E5AF-4D0C-BB41-D9598B5CCB0C}.AppStore|ARM64.Build.0 = Debug|Any CPU
		{5A1B2D76-E5AF-4D0C-BB41-D9598B5CCB0C}.AppStore|iPhone.ActiveCfg = Debug|Any CPU
		{5A1B2D76-E5AF-4D0C-BB41-D9598B5CCB0C}.AppStore|iPhone.Build.0 = Debug|Any CPU
		{5A1B2D76-E5AF-4D0C-BB41-D9598B5CCB0C}.AppStore|iPhoneSimulator.ActiveCfg = Debug|Any CPU
		{5A1B2D76-E5AF-4D0C-BB41-D9598B5CCB0C}.AppStore|iPhoneSimulator.Build.0 = Debug|Any CPU
		{5A1B2D76-E5AF-4D0C-BB41-D9598B5CCB0C}.AppStore|x64.ActiveCfg = Debug|Any CPU
		{5A1B2D76-E5AF-4D0C-BB41-D9598B5CCB0C}.AppStore|x64.Build.0 = Debug|Any CPU
		{5A1B2D76-E5AF-4D0C-BB41-D9598B5CCB0C}.AppStore|x86.ActiveCfg = Debug|Any CPU
		{5A1B2D76-E5AF-4D0C-BB41-D9598B5CCB0C}.AppStore|x86.Build.0 = Debug|Any CPU
		{5A1B2D76-E5AF-4D0C-BB41-D9598B5CCB0C}.Debug|Any CPU.ActiveCfg = Debug|Any CPU
		{5A1B2D76-E5AF-4D0C-BB41-D9598B5CCB0C}.Debug|Any CPU.Build.0 = Debug|Any CPU
		{5A1B2D76-E5AF-4D0C-BB41-D9598B5CCB0C}.Debug|ARM.ActiveCfg = Debug|Any CPU
		{5A1B2D76-E5AF-4D0C-BB41-D9598B5CCB0C}.Debug|ARM.Build.0 = Debug|Any CPU
		{5A1B2D76-E5AF-4D0C-BB41-D9598B5CCB0C}.Debug|ARM64.ActiveCfg = Debug|Any CPU
		{5A1B2D76-E5AF-4D0C-BB41-D9598B5CCB0C}.Debug|ARM64.Build.0 = Debug|Any CPU
		{5A1B2D76-E5AF-4D0C-BB41-D9598B5CCB0C}.Debug|iPhone.ActiveCfg = Debug|Any CPU
		{5A1B2D76-E5AF-4D0C-BB41-D9598B5CCB0C}.Debug|iPhone.Build.0 = Debug|Any CPU
		{5A1B2D76-E5AF-4D0C-BB41-D9598B5CCB0C}.Debug|iPhoneSimulator.ActiveCfg = Debug|Any CPU
		{5A1B2D76-E5AF-4D0C-BB41-D9598B5CCB0C}.Debug|iPhoneSimulator.Build.0 = Debug|Any CPU
		{5A1B2D76-E5AF-4D0C-BB41-D9598B5CCB0C}.Debug|x64.ActiveCfg = Debug|Any CPU
		{5A1B2D76-E5AF-4D0C-BB41-D9598B5CCB0C}.Debug|x64.Build.0 = Debug|Any CPU
		{5A1B2D76-E5AF-4D0C-BB41-D9598B5CCB0C}.Debug|x86.ActiveCfg = Debug|Any CPU
		{5A1B2D76-E5AF-4D0C-BB41-D9598B5CCB0C}.Debug|x86.Build.0 = Debug|Any CPU
		{5A1B2D76-E5AF-4D0C-BB41-D9598B5CCB0C}.Release|Any CPU.ActiveCfg = Release|Any CPU
		{5A1B2D76-E5AF-4D0C-BB41-D9598B5CCB0C}.Release|Any CPU.Build.0 = Release|Any CPU
		{5A1B2D76-E5AF-4D0C-BB41-D9598B5CCB0C}.Release|ARM.ActiveCfg = Release|Any CPU
		{5A1B2D76-E5AF-4D0C-BB41-D9598B5CCB0C}.Release|ARM.Build.0 = Release|Any CPU
		{5A1B2D76-E5AF-4D0C-BB41-D9598B5CCB0C}.Release|ARM64.ActiveCfg = Release|Any CPU
		{5A1B2D76-E5AF-4D0C-BB41-D9598B5CCB0C}.Release|ARM64.Build.0 = Release|Any CPU
		{5A1B2D76-E5AF-4D0C-BB41-D9598B5CCB0C}.Release|iPhone.ActiveCfg = Release|Any CPU
		{5A1B2D76-E5AF-4D0C-BB41-D9598B5CCB0C}.Release|iPhone.Build.0 = Release|Any CPU
		{5A1B2D76-E5AF-4D0C-BB41-D9598B5CCB0C}.Release|iPhoneSimulator.ActiveCfg = Release|Any CPU
		{5A1B2D76-E5AF-4D0C-BB41-D9598B5CCB0C}.Release|iPhoneSimulator.Build.0 = Release|Any CPU
		{5A1B2D76-E5AF-4D0C-BB41-D9598B5CCB0C}.Release|x64.ActiveCfg = Release|Any CPU
		{5A1B2D76-E5AF-4D0C-BB41-D9598B5CCB0C}.Release|x64.Build.0 = Release|Any CPU
		{5A1B2D76-E5AF-4D0C-BB41-D9598B5CCB0C}.Release|x86.ActiveCfg = Release|Any CPU
		{5A1B2D76-E5AF-4D0C-BB41-D9598B5CCB0C}.Release|x86.Build.0 = Release|Any CPU
		{3E0138E9-4002-4F6A-B930-D6758EC9B3ED}.Ad-Hoc|Any CPU.ActiveCfg = Debug|Any CPU
		{3E0138E9-4002-4F6A-B930-D6758EC9B3ED}.Ad-Hoc|Any CPU.Build.0 = Debug|Any CPU
		{3E0138E9-4002-4F6A-B930-D6758EC9B3ED}.Ad-Hoc|ARM.ActiveCfg = Debug|Any CPU
		{3E0138E9-4002-4F6A-B930-D6758EC9B3ED}.Ad-Hoc|ARM.Build.0 = Debug|Any CPU
		{3E0138E9-4002-4F6A-B930-D6758EC9B3ED}.Ad-Hoc|ARM64.ActiveCfg = Debug|Any CPU
		{3E0138E9-4002-4F6A-B930-D6758EC9B3ED}.Ad-Hoc|ARM64.Build.0 = Debug|Any CPU
		{3E0138E9-4002-4F6A-B930-D6758EC9B3ED}.Ad-Hoc|iPhone.ActiveCfg = Debug|Any CPU
		{3E0138E9-4002-4F6A-B930-D6758EC9B3ED}.Ad-Hoc|iPhone.Build.0 = Debug|Any CPU
		{3E0138E9-4002-4F6A-B930-D6758EC9B3ED}.Ad-Hoc|iPhoneSimulator.ActiveCfg = Debug|Any CPU
		{3E0138E9-4002-4F6A-B930-D6758EC9B3ED}.Ad-Hoc|iPhoneSimulator.Build.0 = Debug|Any CPU
		{3E0138E9-4002-4F6A-B930-D6758EC9B3ED}.Ad-Hoc|x64.ActiveCfg = Debug|Any CPU
		{3E0138E9-4002-4F6A-B930-D6758EC9B3ED}.Ad-Hoc|x64.Build.0 = Debug|Any CPU
		{3E0138E9-4002-4F6A-B930-D6758EC9B3ED}.Ad-Hoc|x86.ActiveCfg = Debug|Any CPU
		{3E0138E9-4002-4F6A-B930-D6758EC9B3ED}.Ad-Hoc|x86.Build.0 = Debug|Any CPU
		{3E0138E9-4002-4F6A-B930-D6758EC9B3ED}.AppStore|Any CPU.ActiveCfg = Debug|Any CPU
		{3E0138E9-4002-4F6A-B930-D6758EC9B3ED}.AppStore|Any CPU.Build.0 = Debug|Any CPU
		{3E0138E9-4002-4F6A-B930-D6758EC9B3ED}.AppStore|ARM.ActiveCfg = Debug|Any CPU
		{3E0138E9-4002-4F6A-B930-D6758EC9B3ED}.AppStore|ARM.Build.0 = Debug|Any CPU
		{3E0138E9-4002-4F6A-B930-D6758EC9B3ED}.AppStore|ARM64.ActiveCfg = Debug|Any CPU
		{3E0138E9-4002-4F6A-B930-D6758EC9B3ED}.AppStore|ARM64.Build.0 = Debug|Any CPU
		{3E0138E9-4002-4F6A-B930-D6758EC9B3ED}.AppStore|iPhone.ActiveCfg = Debug|Any CPU
		{3E0138E9-4002-4F6A-B930-D6758EC9B3ED}.AppStore|iPhone.Build.0 = Debug|Any CPU
		{3E0138E9-4002-4F6A-B930-D6758EC9B3ED}.AppStore|iPhoneSimulator.ActiveCfg = Debug|Any CPU
		{3E0138E9-4002-4F6A-B930-D6758EC9B3ED}.AppStore|iPhoneSimulator.Build.0 = Debug|Any CPU
		{3E0138E9-4002-4F6A-B930-D6758EC9B3ED}.AppStore|x64.ActiveCfg = Debug|Any CPU
		{3E0138E9-4002-4F6A-B930-D6758EC9B3ED}.AppStore|x64.Build.0 = Debug|Any CPU
		{3E0138E9-4002-4F6A-B930-D6758EC9B3ED}.AppStore|x86.ActiveCfg = Debug|Any CPU
		{3E0138E9-4002-4F6A-B930-D6758EC9B3ED}.AppStore|x86.Build.0 = Debug|Any CPU
		{3E0138E9-4002-4F6A-B930-D6758EC9B3ED}.Debug|Any CPU.ActiveCfg = Debug|Any CPU
		{3E0138E9-4002-4F6A-B930-D6758EC9B3ED}.Debug|Any CPU.Build.0 = Debug|Any CPU
		{3E0138E9-4002-4F6A-B930-D6758EC9B3ED}.Debug|ARM.ActiveCfg = Debug|Any CPU
		{3E0138E9-4002-4F6A-B930-D6758EC9B3ED}.Debug|ARM.Build.0 = Debug|Any CPU
		{3E0138E9-4002-4F6A-B930-D6758EC9B3ED}.Debug|ARM64.ActiveCfg = Debug|Any CPU
		{3E0138E9-4002-4F6A-B930-D6758EC9B3ED}.Debug|ARM64.Build.0 = Debug|Any CPU
		{3E0138E9-4002-4F6A-B930-D6758EC9B3ED}.Debug|iPhone.ActiveCfg = Debug|Any CPU
		{3E0138E9-4002-4F6A-B930-D6758EC9B3ED}.Debug|iPhone.Build.0 = Debug|Any CPU
		{3E0138E9-4002-4F6A-B930-D6758EC9B3ED}.Debug|iPhoneSimulator.ActiveCfg = Debug|Any CPU
		{3E0138E9-4002-4F6A-B930-D6758EC9B3ED}.Debug|iPhoneSimulator.Build.0 = Debug|Any CPU
		{3E0138E9-4002-4F6A-B930-D6758EC9B3ED}.Debug|x64.ActiveCfg = Debug|Any CPU
		{3E0138E9-4002-4F6A-B930-D6758EC9B3ED}.Debug|x64.Build.0 = Debug|Any CPU
		{3E0138E9-4002-4F6A-B930-D6758EC9B3ED}.Debug|x86.ActiveCfg = Debug|Any CPU
		{3E0138E9-4002-4F6A-B930-D6758EC9B3ED}.Debug|x86.Build.0 = Debug|Any CPU
		{3E0138E9-4002-4F6A-B930-D6758EC9B3ED}.Release|Any CPU.ActiveCfg = Release|Any CPU
		{3E0138E9-4002-4F6A-B930-D6758EC9B3ED}.Release|Any CPU.Build.0 = Release|Any CPU
		{3E0138E9-4002-4F6A-B930-D6758EC9B3ED}.Release|ARM.ActiveCfg = Release|Any CPU
		{3E0138E9-4002-4F6A-B930-D6758EC9B3ED}.Release|ARM.Build.0 = Release|Any CPU
		{3E0138E9-4002-4F6A-B930-D6758EC9B3ED}.Release|ARM64.ActiveCfg = Release|Any CPU
		{3E0138E9-4002-4F6A-B930-D6758EC9B3ED}.Release|ARM64.Build.0 = Release|Any CPU
		{3E0138E9-4002-4F6A-B930-D6758EC9B3ED}.Release|iPhone.ActiveCfg = Release|Any CPU
		{3E0138E9-4002-4F6A-B930-D6758EC9B3ED}.Release|iPhone.Build.0 = Release|Any CPU
		{3E0138E9-4002-4F6A-B930-D6758EC9B3ED}.Release|iPhoneSimulator.ActiveCfg = Release|Any CPU
		{3E0138E9-4002-4F6A-B930-D6758EC9B3ED}.Release|iPhoneSimulator.Build.0 = Release|Any CPU
		{3E0138E9-4002-4F6A-B930-D6758EC9B3ED}.Release|x64.ActiveCfg = Release|Any CPU
		{3E0138E9-4002-4F6A-B930-D6758EC9B3ED}.Release|x64.Build.0 = Release|Any CPU
		{3E0138E9-4002-4F6A-B930-D6758EC9B3ED}.Release|x86.ActiveCfg = Release|Any CPU
		{3E0138E9-4002-4F6A-B930-D6758EC9B3ED}.Release|x86.Build.0 = Release|Any CPU
		{BE7663A6-5B85-4D50-B0D1-14324D29B412}.Ad-Hoc|Any CPU.ActiveCfg = Debug|Any CPU
		{BE7663A6-5B85-4D50-B0D1-14324D29B412}.Ad-Hoc|Any CPU.Build.0 = Debug|Any CPU
		{BE7663A6-5B85-4D50-B0D1-14324D29B412}.Ad-Hoc|ARM.ActiveCfg = Debug|Any CPU
		{BE7663A6-5B85-4D50-B0D1-14324D29B412}.Ad-Hoc|ARM.Build.0 = Debug|Any CPU
		{BE7663A6-5B85-4D50-B0D1-14324D29B412}.Ad-Hoc|ARM64.ActiveCfg = Debug|Any CPU
		{BE7663A6-5B85-4D50-B0D1-14324D29B412}.Ad-Hoc|ARM64.Build.0 = Debug|Any CPU
		{BE7663A6-5B85-4D50-B0D1-14324D29B412}.Ad-Hoc|iPhone.ActiveCfg = Debug|Any CPU
		{BE7663A6-5B85-4D50-B0D1-14324D29B412}.Ad-Hoc|iPhone.Build.0 = Debug|Any CPU
		{BE7663A6-5B85-4D50-B0D1-14324D29B412}.Ad-Hoc|iPhoneSimulator.ActiveCfg = Debug|Any CPU
		{BE7663A6-5B85-4D50-B0D1-14324D29B412}.Ad-Hoc|iPhoneSimulator.Build.0 = Debug|Any CPU
		{BE7663A6-5B85-4D50-B0D1-14324D29B412}.Ad-Hoc|x64.ActiveCfg = Debug|Any CPU
		{BE7663A6-5B85-4D50-B0D1-14324D29B412}.Ad-Hoc|x64.Build.0 = Debug|Any CPU
		{BE7663A6-5B85-4D50-B0D1-14324D29B412}.Ad-Hoc|x86.ActiveCfg = Debug|Any CPU
		{BE7663A6-5B85-4D50-B0D1-14324D29B412}.Ad-Hoc|x86.Build.0 = Debug|Any CPU
		{BE7663A6-5B85-4D50-B0D1-14324D29B412}.AppStore|Any CPU.ActiveCfg = Debug|Any CPU
		{BE7663A6-5B85-4D50-B0D1-14324D29B412}.AppStore|Any CPU.Build.0 = Debug|Any CPU
		{BE7663A6-5B85-4D50-B0D1-14324D29B412}.AppStore|ARM.ActiveCfg = Debug|Any CPU
		{BE7663A6-5B85-4D50-B0D1-14324D29B412}.AppStore|ARM.Build.0 = Debug|Any CPU
		{BE7663A6-5B85-4D50-B0D1-14324D29B412}.AppStore|ARM64.ActiveCfg = Debug|Any CPU
		{BE7663A6-5B85-4D50-B0D1-14324D29B412}.AppStore|ARM64.Build.0 = Debug|Any CPU
		{BE7663A6-5B85-4D50-B0D1-14324D29B412}.AppStore|iPhone.ActiveCfg = Debug|Any CPU
		{BE7663A6-5B85-4D50-B0D1-14324D29B412}.AppStore|iPhone.Build.0 = Debug|Any CPU
		{BE7663A6-5B85-4D50-B0D1-14324D29B412}.AppStore|iPhoneSimulator.ActiveCfg = Debug|Any CPU
		{BE7663A6-5B85-4D50-B0D1-14324D29B412}.AppStore|iPhoneSimulator.Build.0 = Debug|Any CPU
		{BE7663A6-5B85-4D50-B0D1-14324D29B412}.AppStore|x64.ActiveCfg = Debug|Any CPU
		{BE7663A6-5B85-4D50-B0D1-14324D29B412}.AppStore|x64.Build.0 = Debug|Any CPU
		{BE7663A6-5B85-4D50-B0D1-14324D29B412}.AppStore|x86.ActiveCfg = Debug|Any CPU
		{BE7663A6-5B85-4D50-B0D1-14324D29B412}.AppStore|x86.Build.0 = Debug|Any CPU
		{BE7663A6-5B85-4D50-B0D1-14324D29B412}.Debug|Any CPU.ActiveCfg = Debug|Any CPU
		{BE7663A6-5B85-4D50-B0D1-14324D29B412}.Debug|Any CPU.Build.0 = Debug|Any CPU
		{BE7663A6-5B85-4D50-B0D1-14324D29B412}.Debug|ARM.ActiveCfg = Debug|Any CPU
		{BE7663A6-5B85-4D50-B0D1-14324D29B412}.Debug|ARM.Build.0 = Debug|Any CPU
		{BE7663A6-5B85-4D50-B0D1-14324D29B412}.Debug|ARM64.ActiveCfg = Debug|Any CPU
		{BE7663A6-5B85-4D50-B0D1-14324D29B412}.Debug|ARM64.Build.0 = Debug|Any CPU
		{BE7663A6-5B85-4D50-B0D1-14324D29B412}.Debug|iPhone.ActiveCfg = Debug|Any CPU
		{BE7663A6-5B85-4D50-B0D1-14324D29B412}.Debug|iPhone.Build.0 = Debug|Any CPU
		{BE7663A6-5B85-4D50-B0D1-14324D29B412}.Debug|iPhoneSimulator.ActiveCfg = Debug|Any CPU
		{BE7663A6-5B85-4D50-B0D1-14324D29B412}.Debug|iPhoneSimulator.Build.0 = Debug|Any CPU
		{BE7663A6-5B85-4D50-B0D1-14324D29B412}.Debug|x64.ActiveCfg = Debug|Any CPU
		{BE7663A6-5B85-4D50-B0D1-14324D29B412}.Debug|x64.Build.0 = Debug|Any CPU
		{BE7663A6-5B85-4D50-B0D1-14324D29B412}.Debug|x86.ActiveCfg = Debug|Any CPU
		{BE7663A6-5B85-4D50-B0D1-14324D29B412}.Debug|x86.Build.0 = Debug|Any CPU
		{BE7663A6-5B85-4D50-B0D1-14324D29B412}.Release|Any CPU.ActiveCfg = Release|Any CPU
		{BE7663A6-5B85-4D50-B0D1-14324D29B412}.Release|Any CPU.Build.0 = Release|Any CPU
		{BE7663A6-5B85-4D50-B0D1-14324D29B412}.Release|ARM.ActiveCfg = Release|Any CPU
		{BE7663A6-5B85-4D50-B0D1-14324D29B412}.Release|ARM.Build.0 = Release|Any CPU
		{BE7663A6-5B85-4D50-B0D1-14324D29B412}.Release|ARM64.ActiveCfg = Release|Any CPU
		{BE7663A6-5B85-4D50-B0D1-14324D29B412}.Release|ARM64.Build.0 = Release|Any CPU
		{BE7663A6-5B85-4D50-B0D1-14324D29B412}.Release|iPhone.ActiveCfg = Release|Any CPU
		{BE7663A6-5B85-4D50-B0D1-14324D29B412}.Release|iPhone.Build.0 = Release|Any CPU
		{BE7663A6-5B85-4D50-B0D1-14324D29B412}.Release|iPhoneSimulator.ActiveCfg = Release|Any CPU
		{BE7663A6-5B85-4D50-B0D1-14324D29B412}.Release|iPhoneSimulator.Build.0 = Release|Any CPU
		{BE7663A6-5B85-4D50-B0D1-14324D29B412}.Release|x64.ActiveCfg = Release|Any CPU
		{BE7663A6-5B85-4D50-B0D1-14324D29B412}.Release|x64.Build.0 = Release|Any CPU
		{BE7663A6-5B85-4D50-B0D1-14324D29B412}.Release|x86.ActiveCfg = Release|Any CPU
		{BE7663A6-5B85-4D50-B0D1-14324D29B412}.Release|x86.Build.0 = Release|Any CPU
	EndGlobalSection
	GlobalSection(SolutionProperties) = preSolution
		HideSolutionNode = FALSE
	EndGlobalSection
	GlobalSection(NestedProjects) = preSolution
		{C2BA0B97-961A-4F5F-A1EC-791E094C3056} = {50F45594-5FA8-4257-9FA8-7125AF12348F}
		{BE760644-00D2-4BFA-9203-D358EDC85125} = {50F45594-5FA8-4257-9FA8-7125AF12348F}
		{5038F4D7-B610-421F-917E-2F8D248A78BA} = {50F45594-5FA8-4257-9FA8-7125AF12348F}
		{21A7C811-5165-40D1-A079-9FCBA2A0D8E4} = {50F45594-5FA8-4257-9FA8-7125AF12348F}
		{F258910F-09B3-40C1-BB3A-20057DCA7366} = {50F45594-5FA8-4257-9FA8-7125AF12348F}
		{461F7336-273D-451D-A8EF-DD1CD9AB5D57} = {50F45594-5FA8-4257-9FA8-7125AF12348F}
		{6E437BF5-D93A-42F2-860E-FFFF5321E014} = {50F45594-5FA8-4257-9FA8-7125AF12348F}
		{5A1B2D76-E5AF-4D0C-BB41-D9598B5CCB0C} = {50F45594-5FA8-4257-9FA8-7125AF12348F}
		{3E0138E9-4002-4F6A-B930-D6758EC9B3ED} = {50F45594-5FA8-4257-9FA8-7125AF12348F}
	EndGlobalSection
	GlobalSection(ExtensibilityGlobals) = postSolution
		SolutionGuid = {767B55E7-69FD-4CB6-9788-E86DC8141D56}
	EndGlobalSection
EndGlobal
